// !$*UTF8*$!
{
	archiveVersion = 1;
	classes = {
	};
	objectVersion = 50;
	objects = {

/* Begin PBXBuildFile section */
		83A20C7325D79A1C001D6250 /* NFL_Mock_DraftApp.swift in Sources */ = {isa = PBXBuildFile; fileRef = 83A20C7225D79A1C001D6250 /* NFL_Mock_DraftApp.swift */; };
		83A20C7525D79A1C001D6250 /* ContentView.swift in Sources */ = {isa = PBXBuildFile; fileRef = 83A20C7425D79A1C001D6250 /* ContentView.swift */; };
		83A20C7725D79A1C001D6250 /* Assets.xcassets in Resources */ = {isa = PBXBuildFile; fileRef = 83A20C7625D79A1C001D6250 /* Assets.xcassets */; };
		83A20C7A25D79A1C001D6250 /* Preview Assets.xcassets in Resources */ = {isa = PBXBuildFile; fileRef = 83A20C7925D79A1C001D6250 /* Preview Assets.xcassets */; };
		83A20C8525D79A1C001D6250 /* NFL_Mock_DraftTests.swift in Sources */ = {isa = PBXBuildFile; fileRef = 83A20C8425D79A1C001D6250 /* NFL_Mock_DraftTests.swift */; };
		83A20C9025D79A1C001D6250 /* NFL_Mock_DraftUITests.swift in Sources */ = {isa = PBXBuildFile; fileRef = 83A20C8F25D79A1C001D6250 /* NFL_Mock_DraftUITests.swift */; };
		83A20CA325D79B01001D6250 /* TeamModel.swift in Sources */ = {isa = PBXBuildFile; fileRef = 83A20CA225D79B01001D6250 /* TeamModel.swift */; };
		83A20CA825D79B6D001D6250 /* PlayerModel.swift in Sources */ = {isa = PBXBuildFile; fileRef = 83A20CA725D79B6D001D6250 /* PlayerModel.swift */; };
/* End PBXBuildFile section */

/* Begin PBXContainerItemProxy section */
		83A20C8125D79A1C001D6250 /* PBXContainerItemProxy */ = {
			isa = PBXContainerItemProxy;
			containerPortal = 83A20C6725D79A1C001D6250 /* Project object */;
			proxyType = 1;
			remoteGlobalIDString = 83A20C6E25D79A1C001D6250;
			remoteInfo = "NFL Mock Draft";
		};
		83A20C8C25D79A1C001D6250 /* PBXContainerItemProxy */ = {
			isa = PBXContainerItemProxy;
			containerPortal = 83A20C6725D79A1C001D6250 /* Project object */;
			proxyType = 1;
			remoteGlobalIDString = 83A20C6E25D79A1C001D6250;
			remoteInfo = "NFL Mock Draft";
		};
/* End PBXContainerItemProxy section */

/* Begin PBXFileReference section */
		83A20C6F25D79A1C001D6250 /* NFL Mock Draft.app */ = {isa = PBXFileReference; explicitFileType = wrapper.application; includeInIndex = 0; path = "NFL Mock Draft.app"; sourceTree = BUILT_PRODUCTS_DIR; };
		83A20C7225D79A1C001D6250 /* NFL_Mock_DraftApp.swift */ = {isa = PBXFileReference; lastKnownFileType = sourcecode.swift; path = NFL_Mock_DraftApp.swift; sourceTree = "<group>"; };
		83A20C7425D79A1C001D6250 /* ContentView.swift */ = {isa = PBXFileReference; lastKnownFileType = sourcecode.swift; path = ContentView.swift; sourceTree = "<group>"; };
		83A20C7625D79A1C001D6250 /* Assets.xcassets */ = {isa = PBXFileReference; lastKnownFileType = folder.assetcatalog; path = Assets.xcassets; sourceTree = "<group>"; };
		83A20C7925D79A1C001D6250 /* Preview Assets.xcassets */ = {isa = PBXFileReference; lastKnownFileType = folder.assetcatalog; path = "Preview Assets.xcassets"; sourceTree = "<group>"; };
		83A20C7B25D79A1C001D6250 /* Info.plist */ = {isa = PBXFileReference; lastKnownFileType = text.plist.xml; path = Info.plist; sourceTree = "<group>"; };
		83A20C8025D79A1C001D6250 /* NFL Mock DraftTests.xctest */ = {isa = PBXFileReference; explicitFileType = wrapper.cfbundle; includeInIndex = 0; path = "NFL Mock DraftTests.xctest"; sourceTree = BUILT_PRODUCTS_DIR; };
		83A20C8425D79A1C001D6250 /* NFL_Mock_DraftTests.swift */ = {isa = PBXFileReference; lastKnownFileType = sourcecode.swift; path = NFL_Mock_DraftTests.swift; sourceTree = "<group>"; };
		83A20C8625D79A1C001D6250 /* Info.plist */ = {isa = PBXFileReference; lastKnownFileType = text.plist.xml; path = Info.plist; sourceTree = "<group>"; };
		83A20C8B25D79A1C001D6250 /* NFL Mock DraftUITests.xctest */ = {isa = PBXFileReference; explicitFileType = wrapper.cfbundle; includeInIndex = 0; path = "NFL Mock DraftUITests.xctest"; sourceTree = BUILT_PRODUCTS_DIR; };
		83A20C8F25D79A1C001D6250 /* NFL_Mock_DraftUITests.swift */ = {isa = PBXFileReference; lastKnownFileType = sourcecode.swift; path = NFL_Mock_DraftUITests.swift; sourceTree = "<group>"; };
		83A20C9125D79A1C001D6250 /* Info.plist */ = {isa = PBXFileReference; lastKnownFileType = text.plist.xml; path = Info.plist; sourceTree = "<group>"; };
		83A20CA225D79B01001D6250 /* TeamModel.swift */ = {isa = PBXFileReference; lastKnownFileType = sourcecode.swift; path = TeamModel.swift; sourceTree = "<group>"; };
		83A20CA725D79B6D001D6250 /* PlayerModel.swift */ = {isa = PBXFileReference; lastKnownFileType = sourcecode.swift; path = PlayerModel.swift; sourceTree = "<group>"; };
/* End PBXFileReference section */

/* Begin PBXFrameworksBuildPhase section */
		83A20C6C25D79A1C001D6250 /* Frameworks */ = {
			isa = PBXFrameworksBuildPhase;
			buildActionMask = 2147483647;
			files = (
			);
			runOnlyForDeploymentPostprocessing = 0;
		};
		83A20C7D25D79A1C001D6250 /* Frameworks */ = {
			isa = PBXFrameworksBuildPhase;
			buildActionMask = 2147483647;
			files = (
			);
			runOnlyForDeploymentPostprocessing = 0;
		};
		83A20C8825D79A1C001D6250 /* Frameworks */ = {
			isa = PBXFrameworksBuildPhase;
			buildActionMask = 2147483647;
			files = (
			);
			runOnlyForDeploymentPostprocessing = 0;
		};
/* End PBXFrameworksBuildPhase section */

/* Begin PBXGroup section */
		83A20C6625D79A1C001D6250 = {
			isa = PBXGroup;
			children = (
				83A20C7125D79A1C001D6250 /* NFL Mock Draft */,
				83A20C8325D79A1C001D6250 /* NFL Mock DraftTests */,
				83A20C8E25D79A1C001D6250 /* NFL Mock DraftUITests */,
				83A20C7025D79A1C001D6250 /* Products */,
			);
			sourceTree = "<group>";
		};
		83A20C7025D79A1C001D6250 /* Products */ = {
			isa = PBXGroup;
			children = (
				83A20C6F25D79A1C001D6250 /* NFL Mock Draft.app */,
				83A20C8025D79A1C001D6250 /* NFL Mock DraftTests.xctest */,
				83A20C8B25D79A1C001D6250 /* NFL Mock DraftUITests.xctest */,
			);
			name = Products;
			sourceTree = "<group>";
		};
		83A20C7125D79A1C001D6250 /* NFL Mock Draft */ = {
			isa = PBXGroup;
			children = (
				83A20CAC25D79C5C001D6250 /* Data */,
				83A20CA125D79ADE001D6250 /* Models */,
				83A20C7225D79A1C001D6250 /* NFL_Mock_DraftApp.swift */,
				83A20C7425D79A1C001D6250 /* ContentView.swift */,
				83A20C7625D79A1C001D6250 /* Assets.xcassets */,
				83A20C7B25D79A1C001D6250 /* Info.plist */,
				83A20C7825D79A1C001D6250 /* Preview Content */,
			);
			path = "NFL Mock Draft";
			sourceTree = "<group>";
		};
		83A20C7825D79A1C001D6250 /* Preview Content */ = {
			isa = PBXGroup;
			children = (
				83A20C7925D79A1C001D6250 /* Preview Assets.xcassets */,
			);
			path = "Preview Content";
			sourceTree = "<group>";
		};
		83A20C8325D79A1C001D6250 /* NFL Mock DraftTests */ = {
			isa = PBXGroup;
			children = (
				83A20C8425D79A1C001D6250 /* NFL_Mock_DraftTests.swift */,
				83A20C8625D79A1C001D6250 /* Info.plist */,
			);
			path = "NFL Mock DraftTests";
			sourceTree = "<group>";
		};
		83A20C8E25D79A1C001D6250 /* NFL Mock DraftUITests */ = {
			isa = PBXGroup;
			children = (
				83A20C8F25D79A1C001D6250 /* NFL_Mock_DraftUITests.swift */,
				83A20C9125D79A1C001D6250 /* Info.plist */,
			);
			path = "NFL Mock DraftUITests";
			sourceTree = "<group>";
		};
		83A20CA125D79ADE001D6250 /* Models */ = {
			isa = PBXGroup;
			children = (
				83A20CA225D79B01001D6250 /* TeamModel.swift */,
				83A20CA725D79B6D001D6250 /* PlayerModel.swift */,
			);
			path = Models;
			sourceTree = "<group>";
		};
		83A20CAC25D79C5C001D6250 /* Data */ = {
			isa = PBXGroup;
			children = (
			);
			path = Data;
			sourceTree = "<group>";
		};
/* End PBXGroup section */

/* Begin PBXNativeTarget section */
		83A20C6E25D79A1C001D6250 /* NFL Mock Draft */ = {
			isa = PBXNativeTarget;
			buildConfigurationList = 83A20C9425D79A1C001D6250 /* Build configuration list for PBXNativeTarget "NFL Mock Draft" */;
			buildPhases = (
				83A20C6B25D79A1C001D6250 /* Sources */,
				83A20C6C25D79A1C001D6250 /* Frameworks */,
				83A20C6D25D79A1C001D6250 /* Resources */,
			);
			buildRules = (
			);
			dependencies = (
			);
			name = "NFL Mock Draft";
			productName = "NFL Mock Draft";
			productReference = 83A20C6F25D79A1C001D6250 /* NFL Mock Draft.app */;
			productType = "com.apple.product-type.application";
		};
		83A20C7F25D79A1C001D6250 /* NFL Mock DraftTests */ = {
			isa = PBXNativeTarget;
			buildConfigurationList = 83A20C9725D79A1C001D6250 /* Build configuration list for PBXNativeTarget "NFL Mock DraftTests" */;
			buildPhases = (
				83A20C7C25D79A1C001D6250 /* Sources */,
				83A20C7D25D79A1C001D6250 /* Frameworks */,
				83A20C7E25D79A1C001D6250 /* Resources */,
			);
			buildRules = (
			);
			dependencies = (
				83A20C8225D79A1C001D6250 /* PBXTargetDependency */,
			);
			name = "NFL Mock DraftTests";
			productName = "NFL Mock DraftTests";
			productReference = 83A20C8025D79A1C001D6250 /* NFL Mock DraftTests.xctest */;
			productType = "com.apple.product-type.bundle.unit-test";
		};
		83A20C8A25D79A1C001D6250 /* NFL Mock DraftUITests */ = {
			isa = PBXNativeTarget;
			buildConfigurationList = 83A20C9A25D79A1C001D6250 /* Build configuration list for PBXNativeTarget "NFL Mock DraftUITests" */;
			buildPhases = (
				83A20C8725D79A1C001D6250 /* Sources */,
				83A20C8825D79A1C001D6250 /* Frameworks */,
				83A20C8925D79A1C001D6250 /* Resources */,
			);
			buildRules = (
			);
			dependencies = (
				83A20C8D25D79A1C001D6250 /* PBXTargetDependency */,
			);
			name = "NFL Mock DraftUITests";
			productName = "NFL Mock DraftUITests";
			productReference = 83A20C8B25D79A1C001D6250 /* NFL Mock DraftUITests.xctest */;
			productType = "com.apple.product-type.bundle.ui-testing";
		};
/* End PBXNativeTarget section */

/* Begin PBXProject section */
		83A20C6725D79A1C001D6250 /* Project object */ = {
			isa = PBXProject;
			attributes = {
				LastSwiftUpdateCheck = 1240;
				LastUpgradeCheck = 1240;
				TargetAttributes = {
					83A20C6E25D79A1C001D6250 = {
						CreatedOnToolsVersion = 12.4;
					};
					83A20C7F25D79A1C001D6250 = {
						CreatedOnToolsVersion = 12.4;
						TestTargetID = 83A20C6E25D79A1C001D6250;
					};
					83A20C8A25D79A1C001D6250 = {
						CreatedOnToolsVersion = 12.4;
						TestTargetID = 83A20C6E25D79A1C001D6250;
					};
				};
			};
			buildConfigurationList = 83A20C6A25D79A1C001D6250 /* Build configuration list for PBXProject "NFL Mock Draft" */;
			compatibilityVersion = "Xcode 9.3";
			developmentRegion = en;
			hasScannedForEncodings = 0;
			knownRegions = (
				en,
				Base,
			);
			mainGroup = 83A20C6625D79A1C001D6250;
			productRefGroup = 83A20C7025D79A1C001D6250 /* Products */;
			projectDirPath = "";
			projectRoot = "";
			targets = (
				83A20C6E25D79A1C001D6250 /* NFL Mock Draft */,
				83A20C7F25D79A1C001D6250 /* NFL Mock DraftTests */,
				83A20C8A25D79A1C001D6250 /* NFL Mock DraftUITests */,
			);
		};
/* End PBXProject section */

/* Begin PBXResourcesBuildPhase section */
		83A20C6D25D79A1C001D6250 /* Resources */ = {
			isa = PBXResourcesBuildPhase;
			buildActionMask = 2147483647;
			files = (
				83A20C7A25D79A1C001D6250 /* Preview Assets.xcassets in Resources */,
				83A20C7725D79A1C001D6250 /* Assets.xcassets in Resources */,
			);
			runOnlyForDeploymentPostprocessing = 0;
		};
		83A20C7E25D79A1C001D6250 /* Resources */ = {
			isa = PBXResourcesBuildPhase;
			buildActionMask = 2147483647;
			files = (
			);
			runOnlyForDeploymentPostprocessing = 0;
		};
		83A20C8925D79A1C001D6250 /* Resources */ = {
			isa = PBXResourcesBuildPhase;
			buildActionMask = 2147483647;
			files = (
			);
			runOnlyForDeploymentPostprocessing = 0;
		};
/* End PBXResourcesBuildPhase section */

/* Begin PBXSourcesBuildPhase section */
		83A20C6B25D79A1C001D6250 /* Sources */ = {
			isa = PBXSourcesBuildPhase;
			buildActionMask = 2147483647;
			files = (
				83A20C7525D79A1C001D6250 /* ContentView.swift in Sources */,
				83A20C7325D79A1C001D6250 /* NFL_Mock_DraftApp.swift in Sources */,
				83A20CA825D79B6D001D6250 /* PlayerModel.swift in Sources */,
				83A20CA325D79B01001D6250 /* TeamModel.swift in Sources */,
			);
			runOnlyForDeploymentPostprocessing = 0;
		};
		83A20C7C25D79A1C001D6250 /* Sources */ = {
			isa = PBXSourcesBuildPhase;
			buildActionMask = 2147483647;
			files = (
				83A20C8525D79A1C001D6250 /* NFL_Mock_DraftTests.swift in Sources */,
			);
			runOnlyForDeploymentPostprocessing = 0;
		};
		83A20C8725D79A1C001D6250 /* Sources */ = {
			isa = PBXSourcesBuildPhase;
			buildActionMask = 2147483647;
			files = (
				83A20C9025D79A1C001D6250 /* NFL_Mock_DraftUITests.swift in Sources */,
			);
			runOnlyForDeploymentPostprocessing = 0;
		};
/* End PBXSourcesBuildPhase section */

/* Begin PBXTargetDependency section */
		83A20C8225D79A1C001D6250 /* PBXTargetDependency */ = {
			isa = PBXTargetDependency;
			target = 83A20C6E25D79A1C001D6250 /* NFL Mock Draft */;
			targetProxy = 83A20C8125D79A1C001D6250 /* PBXContainerItemProxy */;
		};
		83A20C8D25D79A1C001D6250 /* PBXTargetDependency */ = {
			isa = PBXTargetDependency;
			target = 83A20C6E25D79A1C001D6250 /* NFL Mock Draft */;
			targetProxy = 83A20C8C25D79A1C001D6250 /* PBXContainerItemProxy */;
		};
/* End PBXTargetDependency section */

/* Begin XCBuildConfiguration section */
		83A20C9225D79A1C001D6250 /* Debug */ = {
			isa = XCBuildConfiguration;
			buildSettings = {
				ALWAYS_SEARCH_USER_PATHS = NO;
				CLANG_ANALYZER_NONNULL = YES;
				CLANG_ANALYZER_NUMBER_OBJECT_CONVERSION = YES_AGGRESSIVE;
				CLANG_CXX_LANGUAGE_STANDARD = "gnu++14";
				CLANG_CXX_LIBRARY = "libc++";
				CLANG_ENABLE_MODULES = YES;
				CLANG_ENABLE_OBJC_ARC = YES;
				CLANG_ENABLE_OBJC_WEAK = YES;
				CLANG_WARN_BLOCK_CAPTURE_AUTORELEASING = YES;
				CLANG_WARN_BOOL_CONVERSION = YES;
				CLANG_WARN_COMMA = YES;
				CLANG_WARN_CONSTANT_CONVERSION = YES;
				CLANG_WARN_DEPRECATED_OBJC_IMPLEMENTATIONS = YES;
				CLANG_WARN_DIRECT_OBJC_ISA_USAGE = YES_ERROR;
				CLANG_WARN_DOCUMENTATION_COMMENTS = YES;
				CLANG_WARN_EMPTY_BODY = YES;
				CLANG_WARN_ENUM_CONVERSION = YES;
				CLANG_WARN_INFINITE_RECURSION = YES;
				CLANG_WARN_INT_CONVERSION = YES;
				CLANG_WARN_NON_LITERAL_NULL_CONVERSION = YES;
				CLANG_WARN_OBJC_IMPLICIT_RETAIN_SELF = YES;
				CLANG_WARN_OBJC_LITERAL_CONVERSION = YES;
				CLANG_WARN_OBJC_ROOT_CLASS = YES_ERROR;
				CLANG_WARN_QUOTED_INCLUDE_IN_FRAMEWORK_HEADER = YES;
				CLANG_WARN_RANGE_LOOP_ANALYSIS = YES;
				CLANG_WARN_STRICT_PROTOTYPES = YES;
				CLANG_WARN_SUSPICIOUS_MOVE = YES;
				CLANG_WARN_UNGUARDED_AVAILABILITY = YES_AGGRESSIVE;
				CLANG_WARN_UNREACHABLE_CODE = YES;
				CLANG_WARN__DUPLICATE_METHOD_MATCH = YES;
				COPY_PHASE_STRIP = NO;
				DEBUG_INFORMATION_FORMAT = dwarf;
				ENABLE_STRICT_OBJC_MSGSEND = YES;
				ENABLE_TESTABILITY = YES;
				GCC_C_LANGUAGE_STANDARD = gnu11;
				GCC_DYNAMIC_NO_PIC = NO;
				GCC_NO_COMMON_BLOCKS = YES;
				GCC_OPTIMIZATION_LEVEL = 0;
				GCC_PREPROCESSOR_DEFINITIONS = (
					"DEBUG=1",
					"$(inherited)",
				);
				GCC_WARN_64_TO_32_BIT_CONVERSION = YES;
				GCC_WARN_ABOUT_RETURN_TYPE = YES_ERROR;
				GCC_WARN_UNDECLARED_SELECTOR = YES;
				GCC_WARN_UNINITIALIZED_AUTOS = YES_AGGRESSIVE;
				GCC_WARN_UNUSED_FUNCTION = YES;
				GCC_WARN_UNUSED_VARIABLE = YES;
				IPHONEOS_DEPLOYMENT_TARGET = 14.4;
				MTL_ENABLE_DEBUG_INFO = INCLUDE_SOURCE;
				MTL_FAST_MATH = YES;
				ONLY_ACTIVE_ARCH = YES;
				SDKROOT = iphoneos;
				SWIFT_ACTIVE_COMPILATION_CONDITIONS = DEBUG;
				SWIFT_OPTIMIZATION_LEVEL = "-Onone";
			};
			name = Debug;
		};
		83A20C9325D79A1C001D6250 /* Release */ = {
			isa = XCBuildConfiguration;
			buildSettings = {
				ALWAYS_SEARCH_USER_PATHS = NO;
				CLANG_ANALYZER_NONNULL = YES;
				CLANG_ANALYZER_NUMBER_OBJECT_CONVERSION = YES_AGGRESSIVE;
				CLANG_CXX_LANGUAGE_STANDARD = "gnu++14";
				CLANG_CXX_LIBRARY = "libc++";
				CLANG_ENABLE_MODULES = YES;
				CLANG_ENABLE_OBJC_ARC = YES;
				CLANG_ENABLE_OBJC_WEAK = YES;
				CLANG_WARN_BLOCK_CAPTURE_AUTORELEASING = YES;
				CLANG_WARN_BOOL_CONVERSION = YES;
				CLANG_WARN_COMMA = YES;
				CLANG_WARN_CONSTANT_CONVERSION = YES;
				CLANG_WARN_DEPRECATED_OBJC_IMPLEMENTATIONS = YES;
				CLANG_WARN_DIRECT_OBJC_ISA_USAGE = YES_ERROR;
				CLANG_WARN_DOCUMENTATION_COMMENTS = YES;
				CLANG_WARN_EMPTY_BODY = YES;
				CLANG_WARN_ENUM_CONVERSION = YES;
				CLANG_WARN_INFINITE_RECURSION = YES;
				CLANG_WARN_INT_CONVERSION = YES;
				CLANG_WARN_NON_LITERAL_NULL_CONVERSION = YES;
				CLANG_WARN_OBJC_IMPLICIT_RETAIN_SELF = YES;
				CLANG_WARN_OBJC_LITERAL_CONVERSION = YES;
				CLANG_WARN_OBJC_ROOT_CLASS = YES_ERROR;
				CLANG_WARN_QUOTED_INCLUDE_IN_FRAMEWORK_HEADER = YES;
				CLANG_WARN_RANGE_LOOP_ANALYSIS = YES;
				CLANG_WARN_STRICT_PROTOTYPES = YES;
				CLANG_WARN_SUSPICIOUS_MOVE = YES;
				CLANG_WARN_UNGUARDED_AVAILABILITY = YES_AGGRESSIVE;
				CLANG_WARN_UNREACHABLE_CODE = YES;
				CLANG_WARN__DUPLICATE_METHOD_MATCH = YES;
				COPY_PHASE_STRIP = NO;
				DEBUG_INFORMATION_FORMAT = "dwarf-with-dsym";
				ENABLE_NS_ASSERTIONS = NO;
				ENABLE_STRICT_OBJC_MSGSEND = YES;
				GCC_C_LANGUAGE_STANDARD = gnu11;
				GCC_NO_COMMON_BLOCKS = YES;
				GCC_WARN_64_TO_32_BIT_CONVERSION = YES;
				GCC_WARN_ABOUT_RETURN_TYPE = YES_ERROR;
				GCC_WARN_UNDECLARED_SELECTOR = YES;
				GCC_WARN_UNINITIALIZED_AUTOS = YES_AGGRESSIVE;
				GCC_WARN_UNUSED_FUNCTION = YES;
				GCC_WARN_UNUSED_VARIABLE = YES;
				IPHONEOS_DEPLOYMENT_TARGET = 14.4;
				MTL_ENABLE_DEBUG_INFO = NO;
				MTL_FAST_MATH = YES;
				SDKROOT = iphoneos;
				SWIFT_COMPILATION_MODE = wholemodule;
				SWIFT_OPTIMIZATION_LEVEL = "-O";
				VALIDATE_PRODUCT = YES;
			};
			name = Release;
		};
		83A20C9525D79A1C001D6250 /* Debug */ = {
			isa = XCBuildConfiguration;
			buildSettings = {
				ASSETCATALOG_COMPILER_APPICON_NAME = AppIcon;
				ASSETCATALOG_COMPILER_GLOBAL_ACCENT_COLOR_NAME = AccentColor;
				CODE_SIGN_STYLE = Automatic;
				DEVELOPMENT_ASSET_PATHS = "\"NFL Mock Draft/Preview Content\"";
				DEVELOPMENT_TEAM = RDD45JXSRK;
				ENABLE_PREVIEWS = YES;
				INFOPLIST_FILE = "NFL Mock Draft/Info.plist";
				IPHONEOS_DEPLOYMENT_TARGET = 14.0;
				LD_RUNPATH_SEARCH_PATHS = (
					"$(inherited)",
					"@executable_path/Frameworks",
				);
				PRODUCT_BUNDLE_IDENTIFIER = "com.pintailconsultingllc.NFL-Mock-Draft";
				PRODUCT_NAME = "$(TARGET_NAME)";
				SWIFT_VERSION = 5.0;
				TARGETED_DEVICE_FAMILY = "1,2";
			};
			name = Debug;
		};
		83A20C9625D79A1C001D6250 /* Release */ = {
			isa = XCBuildConfiguration;
			buildSettings = {
				ASSETCATALOG_COMPILER_APPICON_NAME = AppIcon;
				ASSETCATALOG_COMPILER_GLOBAL_ACCENT_COLOR_NAME = AccentColor;
				CODE_SIGN_STYLE = Automatic;
				DEVELOPMENT_ASSET_PATHS = "\"NFL Mock Draft/Preview Content\"";
				DEVELOPMENT_TEAM = RDD45JXSRK;
				ENABLE_PREVIEWS = YES;
				INFOPLIST_FILE = "NFL Mock Draft/Info.plist";
				IPHONEOS_DEPLOYMENT_TARGET = 14.0;
				LD_RUNPATH_SEARCH_PATHS = (
					"$(inherited)",
					"@executable_path/Frameworks",
				);
				PRODUCT_BUNDLE_IDENTIFIER = "com.pintailconsultingllc.NFL-Mock-Draft";
				PRODUCT_NAME = "$(TARGET_NAME)";
				SWIFT_VERSION = 5.0;
				TARGETED_DEVICE_FAMILY = "1,2";
			};
			name = Release;
		};
		83A20C9825D79A1C001D6250 /* Debug */ = {
			isa = XCBuildConfiguration;
			buildSettings = {
				ALWAYS_EMBED_SWIFT_STANDARD_LIBRARIES = YES;
				BUNDLE_LOADER = "$(TEST_HOST)";
				CODE_SIGN_STYLE = Automatic;
				DEVELOPMENT_TEAM = RDD45JXSRK;
				INFOPLIST_FILE = "NFL Mock DraftTests/Info.plist";
				IPHONEOS_DEPLOYMENT_TARGET = 14.0;
				LD_RUNPATH_SEARCH_PATHS = (
					"$(inherited)",
					"@executable_path/Frameworks",
					"@loader_path/Frameworks",
				);
				PRODUCT_BUNDLE_IDENTIFIER = "com.pintailconsultingllc.NFL-Mock-DraftTests";
				PRODUCT_NAME = "$(TARGET_NAME)";
				SWIFT_VERSION = 5.0;
				TARGETED_DEVICE_FAMILY = "1,2";
				TEST_HOST = "$(BUILT_PRODUCTS_DIR)/NFL Mock Draft.app/NFL Mock Draft";
			};
			name = Debug;
		};
		83A20C9925D79A1C001D6250 /* Release */ = {
			isa = XCBuildConfiguration;
			buildSettings = {
				ALWAYS_EMBED_SWIFT_STANDARD_LIBRARIES = YES;
				BUNDLE_LOADER = "$(TEST_HOST)";
				CODE_SIGN_STYLE = Automatic;
				DEVELOPMENT_TEAM = RDD45JXSRK;
				INFOPLIST_FILE = "NFL Mock DraftTests/Info.plist";
				IPHONEOS_DEPLOYMENT_TARGET = 14.0;
				LD_RUNPATH_SEARCH_PATHS = (
					"$(inherited)",
					"@executable_path/Frameworks",
					"@loader_path/Frameworks",
				);
				PRODUCT_BUNDLE_IDENTIFIER = "com.pintailconsultingllc.NFL-Mock-DraftTests";
				PRODUCT_NAME = "$(TARGET_NAME)";
				SWIFT_VERSION = 5.0;
				TARGETED_DEVICE_FAMILY = "1,2";
				TEST_HOST = "$(BUILT_PRODUCTS_DIR)/NFL Mock Draft.app/NFL Mock Draft";
			};
			name = Release;
		};
		83A20C9B25D79A1C001D6250 /* Debug */ = {
			isa = XCBuildConfiguration;
			buildSettings = {
				ALWAYS_EMBED_SWIFT_STANDARD_LIBRARIES = YES;
				CODE_SIGN_STYLE = Automatic;
				DEVELOPMENT_TEAM = RDD45JXSRK;
				INFOPLIST_FILE = "NFL Mock DraftUITests/Info.plist";
				LD_RUNPATH_SEARCH_PATHS = (
					"$(inherited)",
					"@executable_path/Frameworks",
					"@loader_path/Frameworks",
				);
				PRODUCT_BUNDLE_IDENTIFIER = "com.pintailconsultingllc.NFL-Mock-DraftUITests";
				PRODUCT_NAME = "$(TARGET_NAME)";
				SWIFT_VERSION = 5.0;
				TARGETED_DEVICE_FAMILY = "1,2";
				TEST_TARGET_NAME = "NFL Mock Draft";
			};
			name = Debug;
		};
		83A20C9C25D79A1C001D6250 /* Release */ = {
			isa = XCBuildConfiguration;
			buildSettings = {
				ALWAYS_EMBED_SWIFT_STANDARD_LIBRARIES = YES;
				CODE_SIGN_STYLE = Automatic;
				DEVELOPMENT_TEAM = RDD45JXSRK;
				INFOPLIST_FILE = "NFL Mock DraftUITests/Info.plist";
				LD_RUNPATH_SEARCH_PATHS = (
					"$(inherited)",
					"@executable_path/Frameworks",
					"@loader_path/Frameworks",
				);
				PRODUCT_BUNDLE_IDENTIFIER = "com.pintailconsultingllc.NFL-Mock-DraftUITests";
				PRODUCT_NAME = "$(TARGET_NAME)";
				SWIFT_VERSION = 5.0;
				TARGETED_DEVICE_FAMILY = "1,2";
				TEST_TARGET_NAME = "NFL Mock Draft";
			};
			name = Release;
		};
/* End XCBuildConfiguration section */

/* Begin XCConfigurationList section */
		83A20C6A25D79A1C001D6250 /* Build configuration list for PBXProject "NFL Mock Draft" */ = {
			isa = XCConfigurationList;
			buildConfigurations = (
				83A20C9225D79A1C001D6250 /* Debug */,
				83A20C9325D79A1C001D6250 /* Release */,
			);
			defaultConfigurationIsVisible = 0;
			defaultConfigurationName = Release;
		};
		83A20C9425D79A1C001D6250 /* Build configuration list for PBXNativeTarget "NFL Mock Draft" */ = {
			isa = XCConfigurationList;
			buildConfigurations = (
				83A20C9525D79A1C001D6250 /* Debug */,
				83A20C9625D79A1C001D6250 /* Release */,
			);
			defaultConfigurationIsVisible = 0;
			defaultConfigurationName = Release;
		};
		83A20C9725D79A1C001D6250 /* Build configuration list for PBXNativeTarget "NFL Mock DraftTests" */ = {
			isa = XCConfigurationList;
			buildConfigurations = (
				83A20C9825D79A1C001D6250 /* Debug */,
				83A20C9925D79A1C001D6250 /* Release */,
			);
			defaultConfigurationIsVisible = 0;
			defaultConfigurationName = Release;
		};
		83A20C9A25D79A1C001D6250 /* Build configuration list for PBXNativeTarget "NFL Mock DraftUITests" */ = {
			isa = XCConfigurationList;
			buildConfigurations = (
				83A20C9B25D79A1C001D6250 /* Debug */,
				83A20C9C25D79A1C001D6250 /* Release */,
			);
			defaultConfigurationIsVisible = 0;
			defaultConfigurationName = Release;
		};
/* End XCConfigurationList section */
	};
	rootObject = 83A20C6725D79A1C001D6250 /* Project object */;
}
